filippo.io/edwards25519 v1.2.0 h1:crnVqOiS4jqYleHd9vaKZ+HKtHfllngJIiOpNpoJsjo=
filippo.io/edwards25519 v1.2.0/go.mod h1:xzAOLCNug/yB62zG1bQ8uziwrIqIuxhctzJT18Q77mc=
github.com/abstractpotato/potato-serialization-lib v0.0.0-20260731220352-bb395791ecfd h1:ybvhFhhSX5uneGCxBgYzK51xctfgA6sd0SV0kogwiMg=
github.com/abstractpotato/potato-serialization-lib v0.0.0-20260731220352-bb395791ecfd/go.mod h1:sUGfoZlwjjh+jk3P9ZpiA5K1D71eKGJEco2nTlxCCRU=
github.com/echovl/cardano-go v0.1.14 h1:Q6hUGOpEQuiVGamkM2d1Lqdv+RjLC+7qsUMHRR5gNvM=
github.com/echovl/cardano-go v0.1.14/go.mod h1:2zMMpu+nUN0GTsYwlsxBlYmLfxq+E9GFEmAnFlprT9U=
github.com/echovl/ed25519 v0.2.0 h1:H7sxJEXwj9krUvIug2vk8z+l8Yo1qlJ79Ja8ZYNPDkY=
github.com/echovl/ed25519 v0.2.0/go.mod h1:hDzvQuQmNrDsQJa+ZDgXkJPi6rTiIFNFl2cxCYOdwYo=
github.com/fxamacker/cbor/v2 v2.9.2 h1:X4Ksno9+x3cz0TZv69ec1hxP/+tymuR8PXQJyDwfh78=
github.com/fxamacker/cbor/v2 v2.9.2/go.mod h1:vM4b+DJCtHn+zz7h3FFp/hDAI9WNWCsZj23V5ytsSxQ=
github.com/tyler-smith/go-bip39 v1.1.0 h1:5eUemwrMargf3BSLRRCalXT93Ns6pQJIjYQN2nyfOP8=
github.com/tyler-smith/go-bip39 v1.1.0/go.mod h1:gUYDtqQw1JS3ZJ8UWVcGTGqqr6YIN3CWg+kkNaLt55U=
github.com/x448/float16 v0.8.4 h1:qLwI1I70+NjRFUR3zs1JPUCgaCXSh3SW62uAKT1mSBM=
github.com/x448/float16 v0.8.4/go.mod h1:14CWIYCyZA/cWjXOioeEpHeN/83MdbZDRQHoFcYsOfg=
golang.org/x/crypto v0.48.0 h1:/VRzVqiRSggnhY7gNRxPauEQ5Drw9haKdM0jqfcCFts=
golang.org/x/crypto v0.48.0/go.mod h1:r0kV5h3qnFPlQnBSrULhlsRfryS2pmewsg+XfMgkVos=
golang.org/x/sys v0.41.0 h1:Ivj+2Cp/ylzLiEU89QhWblYnOE9zerudt9Ftecq2C6k=
golang.org/x/sys v0.41.0/go.mod h1:OgkHotnGiDImocRcuBABYBEXf8A9a87e/uXjp9XT3ks=
